
Microsoft Visual Studio Solution File, Format Version 12.00
# Visual Studio Version 16
VisualStudioVersion = 16.0.29920.165
MinimumVisualStudioVersion = 10.0.40219.1
Project("{FAE04EC0-301F-11D3-BF4B-00C04F79EFBC}") = "ParkingLot", "ParkingLot\ParkingLot.csproj", "{1469B2E3-E7B5-4DC4-B28F-4051D26404B0}"
EndProject
Project("{FAE04EC0-301F-11D3-BF4B-00C04F79EFBC}") = "ParkingLotModelLayer", "ParkingLotModelLayer\ParkingLotModelLayer.csproj", "{E7DC8F59-A352-46B4-9D6B-272A3D74D119}"
EndProject
Project("{FAE04EC0-301F-11D3-BF4B-00C04F79EFBC}") = "ParkingLotRepositoryLayer", "ParkingLotRepositoryLayer\ParkingLotRepositoryLayer.csproj", "{B67D5585-F10F-47BC-9D2A-A9DC55A26467}"
EndProject
Project("{FAE04EC0-301F-11D3-BF4B-00C04F79EFBC}") = "ParkingLotManagerLayer", "ParkingLotManagerLayer\ParkingLotManagerLayer.csproj", "{24BACAC2-9FEB-4335-9E04-D690BEAEDF3B}"
EndProject
Global
	GlobalSection(SolutionConfigurationPlatforms) = preSolution
		Debug|Any CPU = Debug|Any CPU
		Release|Any CPU = Release|Any CPU
	EndGlobalSection
	GlobalSection(ProjectConfigurationPlatforms) = postSolution
		{1469B2E3-E7B5-4DC4-B28F-4051D26404B0}.Debug|Any CPU.ActiveCfg = Debug|Any CPU
		{1469B2E3-E7B5-4DC4-B28F-4051D26404B0}.Debug|Any CPU.Build.0 = Debug|Any CPU
		{1469B2E3-E7B5-4DC4-B28F-4051D26404B0}.Release|Any CPU.ActiveCfg = Release|Any CPU
		{1469B2E3-E7B5-4DC4-B28F-4051D26404B0}.Release|Any CPU.Build.0 = Release|Any CPU
		{E7DC8F59-A352-46B4-9D6B-272A3D74D119}.Debug|Any CPU.ActiveCfg = Debug|Any CPU
		{E7DC8F59-A352-46B4-9D6B-272A3D74D119}.Debug|Any CPU.Build.0 = Debug|Any CPU
		{E7DC8F59-A352-46B4-9D6B-272A3D74D119}.Release|Any CPU.ActiveCfg = Release|Any CPU
		{E7DC8F59-A352-46B4-9D6B-272A3D74D119}.Release|Any CPU.Build.0 = Release|Any CPU
		{B67D5585-F10F-47BC-9D2A-A9DC55A26467}.Debug|Any CPU.ActiveCfg = Debug|Any CPU
		{B67D5585-F10F-47BC-9D2A-A9DC55A26467}.Debug|Any CPU.Build.0 = Debug|Any CPU
		{B67D5585-F10F-47BC-9D2A-A9DC55A26467}.Release|Any CPU.ActiveCfg = Release|Any CPU
		{B67D5585-F10F-47BC-9D2A-A9DC55A26467}.Release|Any CPU.Build.0 = Release|Any CPU
		{24BACAC2-9FEB-4335-9E04-D690BEAEDF3B}.Debug|Any CPU.ActiveCfg = Debug|Any CPU
		{24BACAC2-9FEB-4335-9E04-D690BEAEDF3B}.Debug|Any CPU.Build.0 = Debug|Any CPU
		{24BACAC2-9FEB-4335-9E04-D690BEAEDF3B}.Release|Any CPU.ActiveCfg = Release|Any CPU
		{24BACAC2-9FEB-4335-9E04-D690BEAEDF3B}.Release|Any CPU.Build.0 = Release|Any CPU
	EndGlobalSection
	GlobalSection(SolutionProperties) = preSolution
		HideSolutionNode = FALSE
	EndGlobalSection
	GlobalSection(ExtensibilityGlobals) = postSolution
		SolutionGuid = {2C47E11B-ADF1-49C8-ADF6-9D6AB02BA0CF}
	EndGlobalSection
EndGlobal
