
Microsoft Visual Studio Solution File, Format Version 12.00
# Visual Studio Version 16
VisualStudioVersion = 16.0.29920.165
MinimumVisualStudioVersion = 10.0.40219.1
Project("{FAE04EC0-301F-11D3-BF4B-00C04F79EFBC}") = "ParkingLot", "ParkingLot\ParkingLot.csproj", "{FD54F80C-1596-46A4-A713-0D54758C2169}"
EndProject
Project("{9A19103F-16F7-4668-BE54-9A1E7A4F7556}") = "ParkingLotModelLayer", "..\..\ParkingLot\ParkingLotModelLayer\ParkingLotModelLayer.csproj", "{E6692125-638A-42CC-9A94-9D3F723C2272}"
EndProject
Project("{9A19103F-16F7-4668-BE54-9A1E7A4F7556}") = "ParkingLotRepositoryLayer", "..\..\ParkingLot\ParkingLotRepositoryLayer\ParkingLotRepositoryLayer.csproj", "{FB937F67-BDA5-4572-8379-0A665D5A67D8}"
EndProject
Project("{9A19103F-16F7-4668-BE54-9A1E7A4F7556}") = "ParkingLotManagerLayer", "..\..\ParkingLot\ParkingLotManagerLayer\ParkingLotManagerLayer.csproj", "{0A435330-DD3B-4D80-A1E6-8D0E2C05A5EF}"
EndProject
Global
	GlobalSection(SolutionConfigurationPlatforms) = preSolution
		Debug|Any CPU = Debug|Any CPU
		Release|Any CPU = Release|Any CPU
	EndGlobalSection
	GlobalSection(ProjectConfigurationPlatforms) = postSolution
		{FD54F80C-1596-46A4-A713-0D54758C2169}.Debug|Any CPU.ActiveCfg = Debug|Any CPU
		{FD54F80C-1596-46A4-A713-0D54758C2169}.Debug|Any CPU.Build.0 = Debug|Any CPU
		{FD54F80C-1596-46A4-A713-0D54758C2169}.Release|Any CPU.ActiveCfg = Release|Any CPU
		{FD54F80C-1596-46A4-A713-0D54758C2169}.Release|Any CPU.Build.0 = Release|Any CPU
		{E6692125-638A-42CC-9A94-9D3F723C2272}.Debug|Any CPU.ActiveCfg = Debug|Any CPU
		{E6692125-638A-42CC-9A94-9D3F723C2272}.Debug|Any CPU.Build.0 = Debug|Any CPU
		{E6692125-638A-42CC-9A94-9D3F723C2272}.Release|Any CPU.ActiveCfg = Release|Any CPU
		{E6692125-638A-42CC-9A94-9D3F723C2272}.Release|Any CPU.Build.0 = Release|Any CPU
		{FB937F67-BDA5-4572-8379-0A665D5A67D8}.Debug|Any CPU.ActiveCfg = Debug|Any CPU
		{FB937F67-BDA5-4572-8379-0A665D5A67D8}.Debug|Any CPU.Build.0 = Debug|Any CPU
		{FB937F67-BDA5-4572-8379-0A665D5A67D8}.Release|Any CPU.ActiveCfg = Release|Any CPU
		{FB937F67-BDA5-4572-8379-0A665D5A67D8}.Release|Any CPU.Build.0 = Release|Any CPU
		{0A435330-DD3B-4D80-A1E6-8D0E2C05A5EF}.Debug|Any CPU.ActiveCfg = Debug|Any CPU
		{0A435330-DD3B-4D80-A1E6-8D0E2C05A5EF}.Debug|Any CPU.Build.0 = Debug|Any CPU
		{0A435330-DD3B-4D80-A1E6-8D0E2C05A5EF}.Release|Any CPU.ActiveCfg = Release|Any CPU
		{0A435330-DD3B-4D80-A1E6-8D0E2C05A5EF}.Release|Any CPU.Build.0 = Release|Any CPU
	EndGlobalSection
	GlobalSection(SolutionProperties) = preSolution
		HideSolutionNode = FALSE
	EndGlobalSection
	GlobalSection(ExtensibilityGlobals) = postSolution
		SolutionGuid = {52BEB66C-25A2-444F-9F8A-24F24BE19613}
	EndGlobalSection
EndGlobal
